
Microsoft Visual Studio Solution File, Format Version 12.00
Project("{FAE04EC0-301F-11D3-BF4B-00C04F79EFBC}") = "SudentClubApp", "SudentClubApp.csproj", "{F4C7CC85-A3EB-4D0C-B342-4C222378FDEE}"
EndProject
Global
	GlobalSection(SolutionConfigurationPlatforms) = preSolution
		Debug|Any CPU = Debug|Any CPU
		Release|Any CPU = Release|Any CPU
	EndGlobalSection
	GlobalSection(ProjectConfigurationPlatforms) = postSolution
		{F4C7CC85-A3EB-4D0C-B342-4C222378FDEE}.Debug|Any CPU.ActiveCfg = Debug|Any CPU
		{F4C7CC85-A3EB-4D0C-B342-4C222378FDEE}.Debug|Any CPU.Build.0 = Debug|Any CPU
		{F4C7CC85-A3EB-4D0C-B342-4C222378FDEE}.Release|Any CPU.ActiveCfg = Release|Any CPU
		{F4C7CC85-A3EB-4D0C-B342-4C222378FDEE}.Release|Any CPU.Build.0 = Release|Any CPU
	EndGlobalSection
EndGlobal
